
Microsoft Visual Studio Solution File, Format Version 12.00
# Visual Studio 15
VisualStudioVersion = 15.0.28010.2048
MinimumVisualStudioVersion = 10.0.40219.1
Project("{FAE04EC0-301F-11D3-BF4B-00C04F79EFBC}") = "NWcf", "NWcf\NWcf.csproj", "{E6D58C5E-2D2C-4AD0-A105-EB8C9A581182}"
EndProject
Project("{FAE04EC0-301F-11D3-BF4B-00C04F79EFBC}") = "CalculatorServer", "CalculatorServer\CalculatorServer.csproj", "{8DF72C60-0E0E-4FDA-9C36-4DB0E0119CCD}"
EndProject
Project("{FAE04EC0-301F-11D3-BF4B-00C04F79EFBC}") = "CalculatorClient", "CalculatorClient\CalculatorClient.csproj", "{5E534519-62D2-46A7-BC1D-B50303AB2679}"
EndProject
Project("{FAE04EC0-301F-11D3-BF4B-00C04F79EFBC}") = "CalculatorCore", "CalculatorCore\CalculatorCore.csproj", "{3D215B3A-E3C5-4B6C-A930-8EAA748FAB1B}"
EndProject
Global
	GlobalSection(SolutionConfigurationPlatforms) = preSolution
		Debug|Any CPU = Debug|Any CPU
		Release|Any CPU = Release|Any CPU
	EndGlobalSection
	GlobalSection(ProjectConfigurationPlatforms) = postSolution
		{E6D58C5E-2D2C-4AD0-A105-EB8C9A581182}.Debug|Any CPU.ActiveCfg = Debug|Any CPU
		{E6D58C5E-2D2C-4AD0-A105-EB8C9A581182}.Debug|Any CPU.Build.0 = Debug|Any CPU
		{E6D58C5E-2D2C-4AD0-A105-EB8C9A581182}.Release|Any CPU.ActiveCfg = Release|Any CPU
		{E6D58C5E-2D2C-4AD0-A105-EB8C9A581182}.Release|Any CPU.Build.0 = Release|Any CPU
		{8DF72C60-0E0E-4FDA-9C36-4DB0E0119CCD}.Debug|Any CPU.ActiveCfg = Debug|Any CPU
		{8DF72C60-0E0E-4FDA-9C36-4DB0E0119CCD}.Debug|Any CPU.Build.0 = Debug|Any CPU
		{8DF72C60-0E0E-4FDA-9C36-4DB0E0119CCD}.Release|Any CPU.ActiveCfg = Release|Any CPU
		{8DF72C60-0E0E-4FDA-9C36-4DB0E0119CCD}.Release|Any CPU.Build.0 = Release|Any CPU
		{5E534519-62D2-46A7-BC1D-B50303AB2679}.Debug|Any CPU.ActiveCfg = Debug|Any CPU
		{5E534519-62D2-46A7-BC1D-B50303AB2679}.Debug|Any CPU.Build.0 = Debug|Any CPU
		{5E534519-62D2-46A7-BC1D-B50303AB2679}.Release|Any CPU.ActiveCfg = Release|Any CPU
		{5E534519-62D2-46A7-BC1D-B50303AB2679}.Release|Any CPU.Build.0 = Release|Any CPU
		{3D215B3A-E3C5-4B6C-A930-8EAA748FAB1B}.Debug|Any CPU.ActiveCfg = Debug|Any CPU
		{3D215B3A-E3C5-4B6C-A930-8EAA748FAB1B}.Debug|Any CPU.Build.0 = Debug|Any CPU
		{3D215B3A-E3C5-4B6C-A930-8EAA748FAB1B}.Release|Any CPU.ActiveCfg = Release|Any CPU
		{3D215B3A-E3C5-4B6C-A930-8EAA748FAB1B}.Release|Any CPU.Build.0 = Release|Any CPU
	EndGlobalSection
	GlobalSection(SolutionProperties) = preSolution
		HideSolutionNode = FALSE
	EndGlobalSection
	GlobalSection(ExtensibilityGlobals) = postSolution
		SolutionGuid = {39027446-E4AF-49B7-8DA5-AFFC5B4DA7DD}
	EndGlobalSection
EndGlobal
